
Microsoft Visual Studio Solution File, Format Version 12.00
# Visual Studio Version 17
VisualStudioVersion = 17.9.34728.123
MinimumVisualStudioVersion = 10.0.40219.1
Project("{8BC9CEB8-8B4A-11D0-8D11-00A0C91BC942}") = "01.C++ basic", "01.C++ basic\01.C++ basic.vcxproj", "{768CBB7B-5DE7-4FA6-9770-21F3611DB8F8}"
EndProject
Project("{8BC9CEB8-8B4A-11D0-8D11-00A0C91BC942}") = "01-01.Memory", "01-01.Memory\01-01.Memory.vcxproj", "{54CCF1DD-ADEB-491B-9F83-DE5CF94F5E09}"
EndProject
Project("{8BC9CEB8-8B4A-11D0-8D11-00A0C91BC942}") = "01-02 String", "01-02 String\01-02 String.vcxproj", "{AF2C977A-0997-4427-AB91-3C064C5D5352}"
EndProject
Project("{8BC9CEB8-8B4A-11D0-8D11-00A0C91BC942}") = "01-03 Class", "01-03 Class\01-03 Class.vcxproj", "{91813A5D-330F-4875-A054-18335DDD6990}"
EndProject
Project("{8BC9CEB8-8B4A-11D0-8D11-00A0C91BC942}") = "01-04 Class2", "01-04 Class2\01-04 Class2.vcxproj", "{FD896DC8-CFCA-46D5-8F1E-7399253762DA}"
EndProject
Global
	GlobalSection(SolutionConfigurationPlatforms) = preSolution
		Debug|x64 = Debug|x64
		Debug|x86 = Debug|x86
		Release|x64 = Release|x64
		Release|x86 = Release|x86
	EndGlobalSection
	GlobalSection(ProjectConfigurationPlatforms) = postSolution
		{768CBB7B-5DE7-4FA6-9770-21F3611DB8F8}.Debug|x64.ActiveCfg = Debug|x64
		{768CBB7B-5DE7-4FA6-9770-21F3611DB8F8}.Debug|x64.Build.0 = Debug|x64
		{768CBB7B-5DE7-4FA6-9770-21F3611DB8F8}.Debug|x86.ActiveCfg = Debug|Win32
		{768CBB7B-5DE7-4FA6-9770-21F3611DB8F8}.Debug|x86.Build.0 = Debug|Win32
		{768CBB7B-5DE7-4FA6-9770-21F3611DB8F8}.Release|x64.ActiveCfg = Release|x64
		{768CBB7B-5DE7-4FA6-9770-21F3611DB8F8}.Release|x64.Build.0 = Release|x64
		{768CBB7B-5DE7-4FA6-9770-21F3611DB8F8}.Release|x86.ActiveCfg = Release|Win32
		{768CBB7B-5DE7-4FA6-9770-21F3611DB8F8}.Release|x86.Build.0 = Release|Win32
		{54CCF1DD-ADEB-491B-9F83-DE5CF94F5E09}.Debug|x64.ActiveCfg = Debug|x64
		{54CCF1DD-ADEB-491B-9F83-DE5CF94F5E09}.Debug|x64.Build.0 = Debug|x64
		{54CCF1DD-ADEB-491B-9F83-DE5CF94F5E09}.Debug|x86.ActiveCfg = Debug|Win32
		{54CCF1DD-ADEB-491B-9F83-DE5CF94F5E09}.Debug|x86.Build.0 = Debug|Win32
		{54CCF1DD-ADEB-491B-9F83-DE5CF94F5E09}.Release|x64.ActiveCfg = Release|x64
		{54CCF1DD-ADEB-491B-9F83-DE5CF94F5E09}.Release|x64.Build.0 = Release|x64
		{54CCF1DD-ADEB-491B-9F83-DE5CF94F5E09}.Release|x86.ActiveCfg = Release|Win32
		{54CCF1DD-ADEB-491B-9F83-DE5CF94F5E09}.Release|x86.Build.0 = Release|Win32
		{AF2C977A-0997-4427-AB91-3C064C5D5352}.Debug|x64.ActiveCfg = Debug|x64
		{AF2C977A-0997-4427-AB91-3C064C5D5352}.Debug|x64.Build.0 = Debug|x64
		{AF2C977A-0997-4427-AB91-3C064C5D5352}.Debug|x86.ActiveCfg = Debug|Win32
		{AF2C977A-0997-4427-AB91-3C064C5D5352}.Debug|x86.Build.0 = Debug|Win32
		{AF2C977A-0997-4427-AB91-3C064C5D5352}.Release|x64.ActiveCfg = Release|x64
		{AF2C977A-0997-4427-AB91-3C064C5D5352}.Release|x64.Build.0 = Release|x64
		{AF2C977A-0997-4427-AB91-3C064C5D5352}.Release|x86.ActiveCfg = Release|Win32
		{AF2C977A-0997-4427-AB91-3C064C5D5352}.Release|x86.Build.0 = Release|Win32
		{91813A5D-330F-4875-A054-18335DDD6990}.Debug|x64.ActiveCfg = Debug|x64
		{91813A5D-330F-4875-A054-18335DDD6990}.Debug|x64.Build.0 = Debug|x64
		{91813A5D-330F-4875-A054-18335DDD6990}.Debug|x86.ActiveCfg = Debug|Win32
		{91813A5D-330F-4875-A054-18335DDD6990}.Debug|x86.Build.0 = Debug|Win32
		{91813A5D-330F-4875-A054-18335DDD6990}.Release|x64.ActiveCfg = Release|x64
		{91813A5D-330F-4875-A054-18335DDD6990}.Release|x64.Build.0 = Release|x64
		{91813A5D-330F-4875-A054-18335DDD6990}.Release|x86.ActiveCfg = Release|Win32
		{91813A5D-330F-4875-A054-18335DDD6990}.Release|x86.Build.0 = Release|Win32
		{FD896DC8-CFCA-46D5-8F1E-7399253762DA}.Debug|x64.ActiveCfg = Debug|x64
		{FD896DC8-CFCA-46D5-8F1E-7399253762DA}.Debug|x64.Build.0 = Debug|x64
		{FD896DC8-CFCA-46D5-8F1E-7399253762DA}.Debug|x86.ActiveCfg = Debug|Win32
		{FD896DC8-CFCA-46D5-8F1E-7399253762DA}.Debug|x86.Build.0 = Debug|Win32
		{FD896DC8-CFCA-46D5-8F1E-7399253762DA}.Release|x64.ActiveCfg = Release|x64
		{FD896DC8-CFCA-46D5-8F1E-7399253762DA}.Release|x64.Build.0 = Release|x64
		{FD896DC8-CFCA-46D5-8F1E-7399253762DA}.Release|x86.ActiveCfg = Release|Win32
		{FD896DC8-CFCA-46D5-8F1E-7399253762DA}.Release|x86.Build.0 = Release|Win32
	EndGlobalSection
	GlobalSection(SolutionProperties) = preSolution
		HideSolutionNode = FALSE
	EndGlobalSection
	GlobalSection(ExtensibilityGlobals) = postSolution
		SolutionGuid = {640ED1B5-CDCA-4459-AF5A-B914D5B5A5EF}
	EndGlobalSection
EndGlobal
